{"1.2.0",
[{<<"fast_pbkdf2">>,{pkg,<<"fast_pbkdf2">>,<<"2.0.0">>},0},
 {<<"jose">>,{pkg,<<"jose">>,<<"1.11.10">>},0}]}.
[
{pkg_hash,[
 {<<"fast_pbkdf2">>, <<"72CDEE3C10C6B9B40E31194DE946A883CEEF6CF1F37D7FC9FD1A9D87502723F5">>},
 {<<"jose">>, <<"A903F5227417BD2A08C8A00A0CBCC458118BE84480955E8D251297A425723F83">>}]},
{pkg_hash_ext,[
 {<<"fast_pbkdf2">>, <<"74159FD09FB8BF5E97D25137C6C83C28E2CF7E97D7C127D83310DFD0904BD732">>},
 {<<"jose">>, <<"0D6CD36FF8BA174DB29148FC112B5842186B68A90CE9FC2B3EC3AFE76593E614">>}]}
].
